{
	"name": "@svws-nrw/svws-vite-api-test",
	"version": "1.0.3-SNAPSHOT",
	"lockfileVersion": 3,
	"requires": true,
	"packages": {
		"": {
			"name": "@svws-nrw/svws-vite-api-test",
			"version": "1.0.3-SNAPSHOT",
			"license": "BSD-3-Clause",
			"dependencies": {
				"webdav": "^5.7.1"
			}
		},
		"node_modules/@buttercup/fetch": {
			"version": "0.2.1",
			"resolved": "https://registry.npmjs.org/@buttercup/fetch/-/fetch-0.2.1.tgz",
			"integrity": "sha512-sCgECOx8wiqY8NN1xN22BqqKzXYIG2AicNLlakOAI4f0WgyLVUbAigMf8CZhBtJxdudTcB1gD5lciqi44jwJvg==",
			"optionalDependencies": {
				"node-fetch": "^3.3.0"
			}
		},
		"node_modules/balanced-match": {
			"version": "1.0.2",
			"resolved": "https://registry.npmjs.org/balanced-match/-/balanced-match-1.0.2.tgz",
			"integrity": "sha512-3oSeUO0TMV67hN1AmbXsK4yaqU7tjiHlbxRDZOpH0KW9+CeX4bRAaX0Anxt0tx2MrpRpWwQaPwIlISEJhYU5Pw=="
		},
		"node_modules/base-64": {
			"version": "1.0.0",
			"resolved": "https://registry.npmjs.org/base-64/-/base-64-1.0.0.tgz",
			"integrity": "sha512-kwDPIFCGx0NZHog36dj+tHiwP4QMzsZ3AgMViUBKI0+V5n4U0ufTCUMhnQ04diaRI8EX/QcPfql7zlhZ7j4zgg=="
		},
		"node_modules/brace-expansion": {
			"version": "2.0.1",
			"resolved": "https://registry.npmjs.org/brace-expansion/-/brace-expansion-2.0.1.tgz",
			"integrity": "sha512-XnAIvQ8eM+kC6aULx6wuQiwVsnzsi9d3WxzV3FpWTGA19F621kwdbsAcFKXgKUHZWsy+mY6iL1sHTxWEFCytDA==",
			"dependencies": {
				"balanced-match": "^1.0.0"
			}
		},
		"node_modules/byte-length": {
			"version": "1.0.2",
			"resolved": "https://registry.npmjs.org/byte-length/-/byte-length-1.0.2.tgz",
			"integrity": "sha512-ovBpjmsgd/teRmgcPh23d4gJvxDoXtAzEL9xTfMU8Yc2kqCDb7L9jAG0XHl1nzuGl+h3ebCIF1i62UFyA9V/2Q=="
		},
		"node_modules/charenc": {
			"version": "0.0.2",
			"resolved": "https://registry.npmjs.org/charenc/-/charenc-0.0.2.tgz",
			"integrity": "sha512-yrLQ/yVUFXkzg7EDQsPieE/53+0RlaWTs+wBrvW36cyilJ2SaDWfl4Yj7MtLTXleV9uEKefbAGUPv2/iWSooRA==",
			"engines": {
				"node": "*"
			}
		},
		"node_modules/crypt": {
			"version": "0.0.2",
			"resolved": "https://registry.npmjs.org/crypt/-/crypt-0.0.2.tgz",
			"integrity": "sha512-mCxBlsHFYh9C+HVpiEacem8FEBnMXgU9gy4zmNC+SXAZNB/1idgp/aulFJ4FgCi7GPEVbfyng092GqL2k2rmow==",
			"engines": {
				"node": "*"
			}
		},
		"node_modules/data-uri-to-buffer": {
			"version": "4.0.1",
			"resolved": "https://registry.npmjs.org/data-uri-to-buffer/-/data-uri-to-buffer-4.0.1.tgz",
			"integrity": "sha512-0R9ikRb668HB7QDxT1vkpuUBtqc53YyAwMwGeUFKRojY/NWKvdZ+9UYtRfGmhqNbRkTSVpMbmyhXipFFv2cb/A==",
			"engines": {
				"node": ">= 12"
			}
		},
		"node_modules/entities": {
			"version": "5.0.0",
			"resolved": "https://registry.npmjs.org/entities/-/entities-5.0.0.tgz",
			"integrity": "sha512-BeJFvFRJddxobhvEdm5GqHzRV/X+ACeuw0/BuuxsCh1EUZcAIz8+kYmBp/LrQuloy6K1f3a0M7+IhmZ7QnkISA==",
			"engines": {
				"node": ">=0.12"
			},
			"funding": {
				"url": "https://github.com/fb55/entities?sponsor=1"
			}
		},
		"node_modules/fast-xml-parser": {
			"version": "4.5.1",
			"resolved": "https://registry.npmjs.org/fast-xml-parser/-/fast-xml-parser-4.5.1.tgz",
			"integrity": "sha512-y655CeyUQ+jj7KBbYMc4FG01V8ZQqjN+gDYGJ50RtfsUB8iG9AmwmwoAgeKLJdmueKKMrH1RJ7yXHTSoczdv5w==",
			"funding": [
				{
					"type": "github",
					"url": "https://github.com/sponsors/NaturalIntelligence"
				},
				{
					"type": "paypal",
					"url": "https://paypal.me/naturalintelligence"
				}
			],
			"dependencies": {
				"strnum": "^1.0.5"
			},
			"bin": {
				"fxparser": "src/cli/cli.js"
			}
		},
		"node_modules/fetch-blob": {
			"version": "3.2.0",
			"resolved": "https://registry.npmjs.org/fetch-blob/-/fetch-blob-3.2.0.tgz",
			"integrity": "sha512-7yAQpD2UMJzLi1Dqv7qFYnPbaPx7ZfFK6PiIxQ4PfkGPyNyl2Ugx+a/umUonmKqjhM4DnfbMvdX6otXq83soQQ==",
			"funding": [
				{
					"type": "github",
					"url": "https://github.com/sponsors/jimmywarting"
				},
				{
					"type": "paypal",
					"url": "https://paypal.me/jimmywarting"
				}
			],
			"dependencies": {
				"node-domexception": "^1.0.0",
				"web-streams-polyfill": "^3.0.3"
			},
			"engines": {
				"node": "^12.20 || >= 14.13"
			}
		},
		"node_modules/formdata-polyfill": {
			"version": "4.0.10",
			"resolved": "https://registry.npmjs.org/formdata-polyfill/-/formdata-polyfill-4.0.10.tgz",
			"integrity": "sha512-buewHzMvYL29jdeQTVILecSaZKnt/RJWjoZCF5OW60Z67/GmSLBkOFM7qh1PI3zFNtJbaZL5eQu1vLfazOwj4g==",
			"dependencies": {
				"fetch-blob": "^3.1.2"
			},
			"engines": {
				"node": ">=12.20.0"
			}
		},
		"node_modules/hot-patcher": {
			"version": "2.0.1",
			"resolved": "https://registry.npmjs.org/hot-patcher/-/hot-patcher-2.0.1.tgz",
			"integrity": "sha512-ECg1JFG0YzehicQaogenlcs2qg6WsXQsxtnbr1i696u5tLUjtJdQAh0u2g0Q5YV45f263Ta1GnUJsc8WIfJf4Q=="
		},
		"node_modules/is-buffer": {
			"version": "1.1.6",
			"resolved": "https://registry.npmjs.org/is-buffer/-/is-buffer-1.1.6.tgz",
			"integrity": "sha512-NcdALwpXkTm5Zvvbk7owOUSvVvBKDgKP5/ewfXEznmQFfs4ZRmanOeKBTjRVjka3QFoN6XJ+9F3USqfHqTaU5w=="
		},
		"node_modules/layerr": {
			"version": "3.0.0",
			"resolved": "https://registry.npmjs.org/layerr/-/layerr-3.0.0.tgz",
			"integrity": "sha512-tv754Ki2dXpPVApOrjTyRo4/QegVb9eVFq4mjqp4+NM5NaX7syQvN5BBNfV/ZpAHCEHV24XdUVrBAoka4jt3pA=="
		},
		"node_modules/md5": {
			"version": "2.3.0",
			"resolved": "https://registry.npmjs.org/md5/-/md5-2.3.0.tgz",
			"integrity": "sha512-T1GITYmFaKuO91vxyoQMFETst+O71VUPEU3ze5GNzDm0OWdP8v1ziTaAEPUr/3kLsY3Sftgz242A1SetQiDL7g==",
			"dependencies": {
				"charenc": "0.0.2",
				"crypt": "0.0.2",
				"is-buffer": "~1.1.6"
			}
		},
		"node_modules/minimatch": {
			"version": "9.0.5",
			"resolved": "https://registry.npmjs.org/minimatch/-/minimatch-9.0.5.tgz",
			"integrity": "sha512-G6T0ZX48xgozx7587koeX9Ys2NYy6Gmv//P89sEte9V9whIapMNF4idKxnW2QtCcLiTWlb/wfCabAtAFWhhBow==",
			"dependencies": {
				"brace-expansion": "^2.0.1"
			},
			"engines": {
				"node": ">=16 || 14 >=14.17"
			},
			"funding": {
				"url": "https://github.com/sponsors/isaacs"
			}
		},
		"node_modules/nested-property": {
			"version": "4.0.0",
			"resolved": "https://registry.npmjs.org/nested-property/-/nested-property-4.0.0.tgz",
			"integrity": "sha512-yFehXNWRs4cM0+dz7QxCd06hTbWbSkV0ISsqBfkntU6TOY4Qm3Q88fRRLOddkGh2Qq6dZvnKVAahfhjcUvLnyA=="
		},
		"node_modules/node-domexception": {
			"version": "1.0.0",
			"resolved": "https://registry.npmjs.org/node-domexception/-/node-domexception-1.0.0.tgz",
			"integrity": "sha512-/jKZoMpw0F8GRwl4/eLROPA3cfcXtLApP0QzLmUT/HuPCZWyB7IY9ZrMeKw2O/nFIqPQB3PVM9aYm0F312AXDQ==",
			"funding": [
				{
					"type": "github",
					"url": "https://github.com/sponsors/jimmywarting"
				},
				{
					"type": "github",
					"url": "https://paypal.me/jimmywarting"
				}
			],
			"engines": {
				"node": ">=10.5.0"
			}
		},
		"node_modules/node-fetch": {
			"version": "3.3.2",
			"resolved": "https://registry.npmjs.org/node-fetch/-/node-fetch-3.3.2.tgz",
			"integrity": "sha512-dRB78srN/l6gqWulah9SrxeYnxeddIG30+GOqK/9OlLVyLg3HPnr6SqOWTWOXKRwC2eGYCkZ59NNuSgvSrpgOA==",
			"dependencies": {
				"data-uri-to-buffer": "^4.0.0",
				"fetch-blob": "^3.1.4",
				"formdata-polyfill": "^4.0.10"
			},
			"engines": {
				"node": "^12.20.0 || ^14.13.1 || >=16.0.0"
			},
			"funding": {
				"type": "opencollective",
				"url": "https://opencollective.com/node-fetch"
			}
		},
		"node_modules/path-posix": {
			"version": "1.0.0",
			"resolved": "https://registry.npmjs.org/path-posix/-/path-posix-1.0.0.tgz",
			"integrity": "sha512-1gJ0WpNIiYcQydgg3Ed8KzvIqTsDpNwq+cjBCssvBtuTWjEqY1AW+i+OepiEMqDCzyro9B2sLAe4RBPajMYFiA=="
		},
		"node_modules/querystringify": {
			"version": "2.2.0",
			"resolved": "https://registry.npmjs.org/querystringify/-/querystringify-2.2.0.tgz",
			"integrity": "sha512-FIqgj2EUvTa7R50u0rGsyTftzjYmv/a3hO345bZNrqabNqjtgiDMgmo4mkUjd+nzU5oF3dClKqFIPUKybUyqoQ=="
		},
		"node_modules/requires-port": {
			"version": "1.0.0",
			"resolved": "https://registry.npmjs.org/requires-port/-/requires-port-1.0.0.tgz",
			"integrity": "sha512-KigOCHcocU3XODJxsu8i/j8T9tzT4adHiecwORRQ0ZZFcp7ahwXuRU1m+yuO90C5ZUyGeGfocHDI14M3L3yDAQ=="
		},
		"node_modules/strnum": {
			"version": "1.0.5",
			"resolved": "https://registry.npmjs.org/strnum/-/strnum-1.0.5.tgz",
			"integrity": "sha512-J8bbNyKKXl5qYcR36TIO8W3mVGVHrmmxsd5PAItGkmyzwJvybiw2IVq5nqd0i4LSNSkB/sx9VHllbfFdr9k1JA=="
		},
		"node_modules/url-join": {
			"version": "5.0.0",
			"resolved": "https://registry.npmjs.org/url-join/-/url-join-5.0.0.tgz",
			"integrity": "sha512-n2huDr9h9yzd6exQVnH/jU5mr+Pfx08LRXXZhkLLetAMESRj+anQsTAh940iMrIetKAmry9coFuZQ2jY8/p3WA==",
			"engines": {
				"node": "^12.20.0 || ^14.13.1 || >=16.0.0"
			}
		},
		"node_modules/url-parse": {
			"version": "1.5.10",
			"resolved": "https://registry.npmjs.org/url-parse/-/url-parse-1.5.10.tgz",
			"integrity": "sha512-WypcfiRhfeUP9vvF0j6rw0J3hrWrw6iZv3+22h6iRMJ/8z1Tj6XfLP4DsUix5MhMPnXpiHDoKyoZ/bdCkwBCiQ==",
			"dependencies": {
				"querystringify": "^2.1.1",
				"requires-port": "^1.0.0"
			}
		},
		"node_modules/web-streams-polyfill": {
			"version": "3.3.3",
			"resolved": "https://registry.npmjs.org/web-streams-polyfill/-/web-streams-polyfill-3.3.3.tgz",
			"integrity": "sha512-d2JWLCivmZYTSIoge9MsgFCZrt571BikcWGYkjC1khllbTeDlGqZ2D8vD8E/lJa8WGWbb7Plm8/XJYV7IJHZZw==",
			"engines": {
				"node": ">= 8"
			}
		},
		"node_modules/webdav": {
			"version": "5.7.1",
			"resolved": "https://registry.npmjs.org/webdav/-/webdav-5.7.1.tgz",
			"integrity": "sha512-JVPn3nLxXJfHSRvennHsOrDYjFLkilZ1Qlw8Ff6hpqp6AvkgF7a//aOh5wA4rMp+sLZ1Km0V+iv0LyO1FIwtXg==",
			"dependencies": {
				"@buttercup/fetch": "^0.2.1",
				"base-64": "^1.0.0",
				"byte-length": "^1.0.2",
				"entities": "^5.0.0",
				"fast-xml-parser": "^4.4.1",
				"hot-patcher": "^2.0.1",
				"layerr": "^3.0.0",
				"md5": "^2.3.0",
				"minimatch": "^9.0.5",
				"nested-property": "^4.0.0",
				"node-fetch": "^3.3.2",
				"path-posix": "^1.0.0",
				"url-join": "^5.0.0",
				"url-parse": "^1.5.10"
			},
			"engines": {
				"node": ">=16"
			}
		}
	}
}
